
Microsoft Visual Studio Solution File, Format Version 12.00
# Visual Studio Version 17
VisualStudioVersion = 17.5.33502.453
MinimumVisualStudioVersion = 10.0.40219.1
Project("{FAE04EC0-301F-11D3-BF4B-00C04F79EFBC}") = "CSVHelperAndJson", "CSVHelperAndJson.csproj", "{184A2630-BB81-4B25-852B-CA510C4F66E7}"
EndProject
Global
	GlobalSection(SolutionConfigurationPlatforms) = preSolution
		Debug|Any CPU = Debug|Any CPU
		Release|Any CPU = Release|Any CPU
	EndGlobalSection
	GlobalSection(ProjectConfigurationPlatforms) = postSolution
		{184A2630-BB81-4B25-852B-CA510C4F66E7}.Debug|Any CPU.ActiveCfg = Debug|Any CPU
		{184A2630-BB81-4B25-852B-CA510C4F66E7}.Debug|Any CPU.Build.0 = Debug|Any CPU
		{184A2630-BB81-4B25-852B-CA510C4F66E7}.Release|Any CPU.ActiveCfg = Release|Any CPU
		{184A2630-BB81-4B25-852B-CA510C4F66E7}.Release|Any CPU.Build.0 = Release|Any CPU
	EndGlobalSection
	GlobalSection(SolutionProperties) = preSolution
		HideSolutionNode = FALSE
	EndGlobalSection
	GlobalSection(ExtensibilityGlobals) = postSolution
		SolutionGuid = {1E118C6F-F927-45EC-8D61-92E8E7E4DFDB}
	EndGlobalSection
EndGlobal
